{
  "name": "angular-material-formio",
  "version": "1.0.0-beta.2",
  "lockfileVersion": 1,
  "requires": true,
  "dependencies": {
    "@angular/animations": {
      "version": "8.2.7",
      "resolved": "https://registry.npmjs.org/@angular/animations/-/animations-8.2.7.tgz",
      "integrity": "sha512-Q17WadeM0WnL97Qt2xGB4LonQrVEsefjC9kUYDOIzEY9Z70eBGfH2ak6rBzlWpDmxCpIFOxEDQy/Dd3z7/nr6g==",
      "dev": true,
      "requires": {
        "tslib": "^1.9.0"
      }
    },
    "@angular/cdk": {
      "version": "8.2.0",
      "resolved": "https://registry.npmjs.org/@angular/cdk/-/cdk-8.2.0.tgz",
      "integrity": "sha512-vsjKiUirICP9fTxnBT3jjqW14ipZLJPkyT3dKZQETKcml1fTY1L9QVXclvLTeUliuPSl490anuBvpQpfMeJDhQ==",
      "dev": true,
      "requires": {
        "parse5": "^5.0.0",
        "tslib": "^1.7.1"
      }
    },
    "@angular/common": {
      "version": "8.2.7",
      "resolved": "https://registry.npmjs.org/@angular/common/-/common-8.2.7.tgz",
      "integrity": "sha512-Hopy7Mepx7S7oGsXfxOsC3/MkeQRlaeQtJxd+Gh/KFyN4o52cqJOWTQOKKKzHRkaotCTHHblebOpR64h7k5YJg==",
      "dev": true,
      "requires": {
        "tslib": "^1.9.0"
      }
    },
    "@angular/core": {
      "version": "8.2.7",
      "resolved": "https://registry.npmjs.org/@angular/core/-/core-8.2.7.tgz",
      "integrity": "sha512-TRGnrxRMM6JyFqgw6EFBTlZKRrZ/MkIMgnAAdk7d0ftGdsi0fao9y+hBO/oVOJjCqeEt0tkHtHhIoXEkZSs84g==",
      "dev": true,
      "requires": {
        "tslib": "^1.9.0"
      }
    },
    "@angular/flex-layout": {
      "version": "8.0.0-beta.27",
      "resolved": "https://registry.npmjs.org/@angular/flex-layout/-/flex-layout-8.0.0-beta.27.tgz",
      "integrity": "sha512-qmpvQPesU4ZQ56IscwgmVRpK2UnyV+gwvXUql7TMv0QV215hLcHczjGsrKkLfW2By5E7XEyDat9br72uVXcPMw==",
      "dev": true,
      "requires": {
        "tslib": "^1.7.1"
      }
    },
    "@angular/forms": {
      "version": "8.2.7",
      "resolved": "https://registry.npmjs.org/@angular/forms/-/forms-8.2.7.tgz",
      "integrity": "sha512-9RN4xVlZTPm7bJvz3g7VUJ1WK2SPdvr4SHrbxYK/H87KlB9RY3DSETEgmWMgt8d4q9u+IRIKv4EfRs3qkZzvyQ==",
      "dev": true,
      "requires": {
        "tslib": "^1.9.0"
      }
    },
    "@angular/material": {
      "version": "8.2.0",
      "resolved": "https://registry.npmjs.org/@angular/material/-/material-8.2.0.tgz",
      "integrity": "sha512-4EY3QilEXS09+10WYwkunEltReuPDByb2ulWw2FLG3wpmMpCp4p6AKY9v9xS3sGvb708S0b9vlfLG4FbepmBbA==",
      "dev": true,
      "requires": {
        "tslib": "^1.7.1"
      }
    },
    "@angular/platform-browser": {
      "version": "8.2.7",
      "resolved": "https://registry.npmjs.org/@angular/platform-browser/-/platform-browser-8.2.7.tgz",
      "integrity": "sha512-NJTv/02xOWHuLIdrdt+UWb4qRNyd7FqR/ADC4TZQWS1zPxQyEVOsdXfwtDdC01UEDsKeVwp/CV4nmNdPIFynAw==",
      "dev": true,
      "requires": {
        "tslib": "^1.9.0"
      }
    },
    "@babel/runtime": {
      "version": "7.6.0",
      "resolved": "https://registry.npmjs.org/@babel/runtime/-/runtime-7.6.0.tgz",
      "integrity": "sha512-89eSBLJsxNxOERC0Op4vd+0Bqm6wRMqMbFtV3i0/fbaWw/mJ8Q3eBvgX0G4SyrOOLCtbu98HspF8o09MRT+KzQ==",
      "dev": true,
      "requires": {
        "regenerator-runtime": "^0.13.2"
      }
    },
    "@sphinxxxx/color-conversion": {
      "version": "2.2.2",
      "resolved": "https://registry.npmjs.org/@sphinxxxx/color-conversion/-/color-conversion-2.2.2.tgz",
      "integrity": "sha512-XExJS3cLqgrmNBIP3bBw6+1oQ1ksGjFh0+oClDKFYpCCqx/hlqwWO5KO/S63fzUo67SxI9dMrF0y5T/Ey7h8Zw==",
      "dev": true
    },
    "angular-formio": {
      "version": "4.1.0",
      "resolved": "https://registry.npmjs.org/angular-formio/-/angular-formio-4.1.0.tgz",
      "integrity": "sha512-0ZJWwiLXvjicUUqVXlvQB/N4MY2CRN5EEp8Fs+ucTqO82LZUje2sGRSue6MlF7D0yni1vcxXbCVSEoTvl0jgZg==",
      "dev": true,
      "requires": {
        "core-js": "^3.2.1",
        "formiojs": "^4.1.0",
        "lodash": "^4.17.15",
        "ngx-bootstrap": "^5.1.2"
      }
    },
    "atoa": {
      "version": "1.0.0",
      "resolved": "https://registry.npmjs.org/atoa/-/atoa-1.0.0.tgz",
      "integrity": "sha1-DMDpGkgOc4+SPrwQNnZHF3mzSkk=",
      "dev": true
    },
    "browser-cookies": {
      "version": "1.2.0",
      "resolved": "https://registry.npmjs.org/browser-cookies/-/browser-cookies-1.2.0.tgz",
      "integrity": "sha1-/KP/ubamOq3E2MCZnGtX0Pp9KbU=",
      "dev": true
    },
    "choices.js": {
      "version": "7.0.0",
      "resolved": "https://registry.npmjs.org/choices.js/-/choices.js-7.0.0.tgz",
      "integrity": "sha512-qK9NEX4/riACBGle27BOWf6dZf+VqitbALB96LERBslqa05Tsn91bicACmLhw2Qym227mQIKN17hcIPwsRZ0mQ==",
      "dev": true,
      "requires": {
        "classnames": "^2.2.6",
        "deepmerge": "^2.2.1",
        "fuse.js": "3.4.2",
        "redux": "^3.3.1"
      }
    },
    "classnames": {
      "version": "2.2.6",
      "resolved": "https://registry.npmjs.org/classnames/-/classnames-2.2.6.tgz",
      "integrity": "sha512-JR/iSQOSt+LQIWwrwEzJ9uk0xfN3mTVYMwt1Ir5mUcSN6pU+V4zQFFaJsclJbPuAUQH+yfWef6tm7l1quW3C8Q==",
      "dev": true
    },
    "contra": {
      "version": "1.9.4",
      "resolved": "https://registry.npmjs.org/contra/-/contra-1.9.4.tgz",
      "integrity": "sha1-9TveQtfltZhcrk2ZqNYQUm3o8o0=",
      "dev": true,
      "requires": {
        "atoa": "1.0.0",
        "ticky": "1.0.1"
      }
    },
    "core-js": {
      "version": "3.2.1",
      "resolved": "https://registry.npmjs.org/core-js/-/core-js-3.2.1.tgz",
      "integrity": "sha512-Qa5XSVefSVPRxy2XfUC13WbvqkxhkwB3ve+pgCQveNgYzbM/UxZeu1dcOX/xr4UmfUd+muuvsaxilQzCyUurMw==",
      "dev": true
    },
    "crossvent": {
      "version": "1.5.4",
      "resolved": "https://registry.npmjs.org/crossvent/-/crossvent-1.5.4.tgz",
      "integrity": "sha1-2ixPj0DJR4JRe/K+7BBEFIGUq5I=",
      "dev": true,
      "requires": {
        "custom-event": "1.0.0"
      }
    },
    "custom-event": {
      "version": "1.0.0",
      "resolved": "https://registry.npmjs.org/custom-event/-/custom-event-1.0.0.tgz",
      "integrity": "sha1-LkYovhncSyFLXAJjDFlx6BFhgGI=",
      "dev": true
    },
    "deepmerge": {
      "version": "2.2.1",
      "resolved": "https://registry.npmjs.org/deepmerge/-/deepmerge-2.2.1.tgz",
      "integrity": "sha512-R9hc1Xa/NOBi9WRVUWg19rl1UB7Tt4kuPd+thNJgFZoxXsTz7ncaPaeIm+40oSGuP33DfMb4sZt1QIGiJzC4EA==",
      "dev": true
    },
    "dialog-polyfill": {
      "version": "0.5.0",
      "resolved": "https://registry.npmjs.org/dialog-polyfill/-/dialog-polyfill-0.5.0.tgz",
      "integrity": "sha512-fOj68T8KB6UIsDFmK7zYbmORJMLYkRmtsLM1W6wbCVUWu4Hdcud5bqbvuueTxO84JXtK9HcpCHV9vNwlWUdCIw==",
      "dev": true
    },
    "dompurify": {
      "version": "2.0.1",
      "resolved": "https://registry.npmjs.org/dompurify/-/dompurify-2.0.1.tgz",
      "integrity": "sha512-57cdUdCG300XfdO+BTYfgBtcP0G6LuwnQ8BZQ2t9wFDIa+DoQT9iaxKox5aJJYovAA3B4wNIeNlqBfnS/OWvRQ==",
      "dev": true
    },
    "downloadjs": {
      "version": "1.4.7",
      "resolved": "https://registry.npmjs.org/downloadjs/-/downloadjs-1.4.7.tgz",
      "integrity": "sha1-9p+W+UDg0FU9rCkROYZaPNAQHjw=",
      "dev": true
    },
    "dragula": {
      "version": "3.7.2",
      "resolved": "https://registry.npmjs.org/dragula/-/dragula-3.7.2.tgz",
      "integrity": "sha1-SjXJ05gf+sGpScKcpyhQWOhzk84=",
      "dev": true,
      "requires": {
        "contra": "1.9.4",
        "crossvent": "1.5.4"
      }
    },
    "eventemitter2": {
      "version": "5.0.1",
      "resolved": "https://registry.npmjs.org/eventemitter2/-/eventemitter2-5.0.1.tgz",
      "integrity": "sha1-YZegldX7a1folC9v1+qtY6CclFI=",
      "dev": true
    },
    "fast-deep-equal": {
      "version": "2.0.1",
      "resolved": "https://registry.npmjs.org/fast-deep-equal/-/fast-deep-equal-2.0.1.tgz",
      "integrity": "sha1-ewUhjd+WZ79/Nwv3/bLLFf3Qqkk=",
      "dev": true
    },
    "fast-json-patch": {
      "version": "2.2.1",
      "resolved": "https://registry.npmjs.org/fast-json-patch/-/fast-json-patch-2.2.1.tgz",
      "integrity": "sha512-4j5uBaTnsYAV5ebkidvxiLUYOwjQ+JSFljeqfTxCrH9bDmlCQaOJFS84oDJ2rAXZq2yskmk3ORfoP9DCwqFNig==",
      "dev": true,
      "requires": {
        "fast-deep-equal": "^2.0.1"
      }
    },
    "fetch-ponyfill": {
      "version": "6.1.0",
      "resolved": "https://registry.npmjs.org/fetch-ponyfill/-/fetch-ponyfill-6.1.0.tgz",
      "integrity": "sha512-bLc7JCjpJZZUXVxbgwUhd72Q19MAokrCXOg/Akq+wl0uFLFLklFdBkZo5OpQ3kLI0oGqrKdx6t5Zo3QwXBRmbQ==",
      "dev": true,
      "requires": {
        "node-fetch": "~2.6.0"
      }
    },
    "flatpickr": {
      "version": "4.6.2",
      "resolved": "https://registry.npmjs.org/flatpickr/-/flatpickr-4.6.2.tgz",
      "integrity": "sha512-bRfBPyxohUQWgCTg6jPALUO1t/x+sRJ/S/RVti/NzYvHqGRpCAesKSWKLzOuLmpu+vGHfXBld4SXvOCLFgYb+g==",
      "dev": true
    },
    "formiojs": {
      "version": "4.1.0",
      "resolved": "https://registry.npmjs.org/formiojs/-/formiojs-4.1.0.tgz",
      "integrity": "sha512-YiEbkkdhrlzNZWy5Tx4+9SG7cPNI50qOB1I/iE+FSQMYR2tFMLhlWQIaiQUr3e2gY0J6/DoOdH/yJ3rQC9co7Q==",
      "dev": true,
      "requires": {
        "browser-cookies": "^1.2.0",
        "choices.js": "^7.0.0",
        "core-js": "^3.2.1",
        "dialog-polyfill": "^0.5.0",
        "dompurify": "^2.0.0",
        "downloadjs": "^1.4.7",
        "dragula": "^3.7.2",
        "eventemitter2": "^5.0.1",
        "fast-deep-equal": "^2.0.1",
        "fast-json-patch": "^2.2.1",
        "fetch-ponyfill": "^6.1.0",
        "flatpickr": "^4.6.2",
        "i18next": "^17.0.16",
        "idb": "^4.0.4",
        "json-logic-js": "^1.2.2",
        "jstimezonedetect": "^1.0.7",
        "lodash": "^4.17.15",
        "moment": "^2.24.0",
        "moment-timezone": "^0.5.26",
        "native-promise-only": "^0.8.1",
        "resize-observer-polyfill": "^1.5.1",
        "signature_pad": "^2.3.2",
        "string-hash": "^1.1.3",
        "text-mask-addons": "^3.8.0",
        "tooltip.js": "^1.3.2",
        "two.js": "^0.7.0-beta.3",
        "uuid": "^3.3.3",
        "vanilla-picker": "^2.10.0",
        "vanilla-text-mask": "^5.1.1"
      }
    },
    "fuse.js": {
      "version": "3.4.2",
      "resolved": "https://registry.npmjs.org/fuse.js/-/fuse.js-3.4.2.tgz",
      "integrity": "sha512-WVbrm+cAxPtyMqdtL7cYhR7aZJPhtOfjNClPya8GKMVukKDYs7pEnPINeRVX1C9WmWgU8MdYGYbUPAP2AJXdoQ==",
      "dev": true
    },
    "hammerjs": {
      "version": "2.0.8",
      "resolved": "https://registry.npmjs.org/hammerjs/-/hammerjs-2.0.8.tgz",
      "integrity": "sha1-BO93hiz/K7edMPdpIJWTAiK/YPE=",
      "dev": true
    },
    "i18next": {
      "version": "17.0.16",
      "resolved": "https://registry.npmjs.org/i18next/-/i18next-17.0.16.tgz",
      "integrity": "sha512-PtPiycw8H/45AAy2nuS3Ehov1X9k5V/gTJ89Uh8VAA3dx8EbsWwyP3c25fd4PWlLUey3YbRLTNPbre/dPho8Og==",
      "dev": true,
      "requires": {
        "@babel/runtime": "^7.3.1"
      }
    },
    "idb": {
      "version": "4.0.4",
      "resolved": "https://registry.npmjs.org/idb/-/idb-4.0.4.tgz",
      "integrity": "sha512-ZYsaBSNub2yAnjvmRKudQlMIPqZQIefAOwNIPeXC+RLIeXYFc0UNQqONKNuQeBNf8oBOV5L75yJ9zFISjHVj4g==",
      "dev": true
    },
    "js-tokens": {
      "version": "4.0.0",
      "resolved": "https://registry.npmjs.org/js-tokens/-/js-tokens-4.0.0.tgz",
      "integrity": "sha512-RdJUflcE3cUzKiMqQgsCu06FPu9UdIJO0beYbPhHN4k6apgJtifcoCtT9bcxOpYBtpD2kCM6Sbzg4CausW/PKQ==",
      "dev": true
    },
    "json-logic-js": {
      "version": "1.2.2",
      "resolved": "https://registry.npmjs.org/json-logic-js/-/json-logic-js-1.2.2.tgz",
      "integrity": "sha1-5cOCqm3yXfSF7erTOYaTlsUzr+g=",
      "dev": true
    },
    "jstimezonedetect": {
      "version": "1.0.7",
      "resolved": "https://registry.npmjs.org/jstimezonedetect/-/jstimezonedetect-1.0.7.tgz",
      "integrity": "sha512-ARADHortktl9IZ1tr4GHwGPIAzgz3mLNCbR/YjWtRtc/O0o634O3NeFlpLjv95EvuDA5dc8z6yfgbS8nUc4zcQ==",
      "dev": true
    },
    "lodash": {
      "version": "4.17.15",
      "resolved": "https://registry.npmjs.org/lodash/-/lodash-4.17.15.tgz",
      "integrity": "sha512-8xOcRHvCjnocdS5cpwXQXVzmmh5e5+saE2QGoeQmbKmRS6J3VQppPOIt0MnmE+4xlZoumy0GPG0D0MVIQbNA1A==",
      "dev": true
    },
    "lodash-es": {
      "version": "4.17.15",
      "resolved": "https://registry.npmjs.org/lodash-es/-/lodash-es-4.17.15.tgz",
      "integrity": "sha512-rlrc3yU3+JNOpZ9zj5pQtxnx2THmvRykwL4Xlxoa8I9lHBlVbbyPhgyPMioxVZ4NqyxaVVtaJnzsyOidQIhyyQ==",
      "dev": true
    },
    "loose-envify": {
      "version": "1.4.0",
      "resolved": "https://registry.npmjs.org/loose-envify/-/loose-envify-1.4.0.tgz",
      "integrity": "sha512-lyuxPGr/Wfhrlem2CL/UcnUc1zcqKAImBDzukY7Y5F/yQiNdko6+fRLevlw1HgMySw7f611UIY408EtxRSoK3Q==",
      "dev": true,
      "requires": {
        "js-tokens": "^3.0.0 || ^4.0.0"
      }
    },
    "moment": {
      "version": "2.24.0",
      "resolved": "https://registry.npmjs.org/moment/-/moment-2.24.0.tgz",
      "integrity": "sha512-bV7f+6l2QigeBBZSM/6yTNq4P2fNpSWj/0e7jQcy87A8e7o2nAfP/34/2ky5Vw4B9S446EtIhodAzkFCcR4dQg==",
      "dev": true
    },
    "moment-timezone": {
      "version": "0.5.26",
      "resolved": "https://registry.npmjs.org/moment-timezone/-/moment-timezone-0.5.26.tgz",
      "integrity": "sha512-sFP4cgEKTCymBBKgoxZjYzlSovC20Y6J7y3nanDc5RoBIXKlZhoYwBoZGe3flwU6A372AcRwScH8KiwV6zjy1g==",
      "dev": true,
      "requires": {
        "moment": ">= 2.9.0"
      }
    },
    "native-promise-only": {
      "version": "0.8.1",
      "resolved": "https://registry.npmjs.org/native-promise-only/-/native-promise-only-0.8.1.tgz",
      "integrity": "sha1-IKMYwwy0X3H+et+/eyHJnBRy7xE=",
      "dev": true
    },
    "ngx-bootstrap": {
      "version": "5.1.2",
      "resolved": "https://registry.npmjs.org/ngx-bootstrap/-/ngx-bootstrap-5.1.2.tgz",
      "integrity": "sha512-L9flZCGEf+/G0sOZXs3WJ2tp7SW6/7soQbAnpFmlvFURcSKv9p2/aiH/VbG47Ra50e5i6q3ereKEo7IpGEQwVQ==",
      "dev": true
    },
    "node-fetch": {
      "version": "2.6.0",
      "resolved": "https://registry.npmjs.org/node-fetch/-/node-fetch-2.6.0.tgz",
      "integrity": "sha512-8dG4H5ujfvFiqDmVu9fQ5bOHUC15JMjMY/Zumv26oOvvVJjM67KF8koCWIabKQ1GJIa9r2mMZscBq/TbdOcmNA==",
      "dev": true
    },
    "parse5": {
      "version": "5.1.0",
      "resolved": "https://registry.npmjs.org/parse5/-/parse5-5.1.0.tgz",
      "integrity": "sha512-fxNG2sQjHvlVAYmzBZS9YlDp6PTSSDwa98vkD4QgVDDCAo84z5X1t5XyJQ62ImdLXx5NdIIfihey6xpum9/gRQ==",
      "dev": true,
      "optional": true
    },
    "popper.js": {
      "version": "1.15.0",
      "resolved": "https://registry.npmjs.org/popper.js/-/popper.js-1.15.0.tgz",
      "integrity": "sha512-w010cY1oCUmI+9KwwlWki+r5jxKfTFDVoadl7MSrIujHU5MJ5OR6HTDj6Xo8aoR/QsA56x8jKjA59qGH4ELtrA==",
      "dev": true
    },
    "redux": {
      "version": "3.7.2",
      "resolved": "https://registry.npmjs.org/redux/-/redux-3.7.2.tgz",
      "integrity": "sha512-pNqnf9q1hI5HHZRBkj3bAngGZW/JMCmexDlOxw4XagXY2o1327nHH54LoTjiPJ0gizoqPDRqWyX/00g0hD6w+A==",
      "dev": true,
      "requires": {
        "lodash": "^4.2.1",
        "lodash-es": "^4.2.1",
        "loose-envify": "^1.1.0",
        "symbol-observable": "^1.0.3"
      }
    },
    "regenerator-runtime": {
      "version": "0.13.3",
      "resolved": "https://registry.npmjs.org/regenerator-runtime/-/regenerator-runtime-0.13.3.tgz",
      "integrity": "sha512-naKIZz2GQ8JWh///G7L3X6LaQUAMp2lvb1rvwwsURe/VXwD6VMfr+/1NuNw3ag8v2kY1aQ/go5SNn79O9JU7yw==",
      "dev": true
    },
    "resize-observer-polyfill": {
      "version": "1.5.1",
      "resolved": "https://registry.npmjs.org/resize-observer-polyfill/-/resize-observer-polyfill-1.5.1.tgz",
      "integrity": "sha512-LwZrotdHOo12nQuZlHEmtuXdqGoOD0OhaxopaNFxWzInpEgaLWoVuAMbTzixuosCx2nEG58ngzW3vxdWoxIgdg==",
      "dev": true
    },
    "signature_pad": {
      "version": "2.3.2",
      "resolved": "https://registry.npmjs.org/signature_pad/-/signature_pad-2.3.2.tgz",
      "integrity": "sha512-peYXLxOsIY6MES2TrRLDiNg2T++8gGbpP2yaC+6Ohtxr+a2dzoaqWosWDY9sWqTAAk6E/TyQO+LJw9zQwyu5kA==",
      "dev": true
    },
    "string-hash": {
      "version": "1.1.3",
      "resolved": "https://registry.npmjs.org/string-hash/-/string-hash-1.1.3.tgz",
      "integrity": "sha1-6Kr8CsGFW0Zmkp7X3RJ1311sgRs=",
      "dev": true
    },
    "symbol-observable": {
      "version": "1.2.0",
      "resolved": "https://registry.npmjs.org/symbol-observable/-/symbol-observable-1.2.0.tgz",
      "integrity": "sha512-e900nM8RRtGhlV36KGEU9k65K3mPb1WV70OdjfxlG2EAuM1noi/E/BaW/uMhL7bPEssK8QV57vN3esixjUvcXQ==",
      "dev": true
    },
    "text-mask-addons": {
      "version": "3.8.0",
      "resolved": "https://registry.npmjs.org/text-mask-addons/-/text-mask-addons-3.8.0.tgz",
      "integrity": "sha1-F7Ye9mWk82gR8uofAaIjtL5hqyY=",
      "dev": true
    },
    "ticky": {
      "version": "1.0.1",
      "resolved": "https://registry.npmjs.org/ticky/-/ticky-1.0.1.tgz",
      "integrity": "sha1-t8+nHnaPHJAAxJe5FRswlHxQ5G0=",
      "dev": true
    },
    "tooltip.js": {
      "version": "1.3.2",
      "resolved": "https://registry.npmjs.org/tooltip.js/-/tooltip.js-1.3.2.tgz",
      "integrity": "sha512-DeDr9JxYx/lSvQ53ZCRFLxXrmrSyU3fLz6k+ITUTw69AIYtpWij/NmOJQscJ7BwY5lcEwWJWSfqqQWVvTMYZiw==",
      "dev": true,
      "requires": {
        "popper.js": "^1.0.2"
      }
    },
    "tslib": {
      "version": "1.10.0",
      "resolved": "https://registry.npmjs.org/tslib/-/tslib-1.10.0.tgz",
      "integrity": "sha512-qOebF53frne81cf0S9B41ByenJ3/IuH8yJKngAX35CmiZySA0khhkovshKK+jGCaMnVomla7gVlIcc3EvKPbTQ==",
      "dev": true
    },
    "two.js": {
      "version": "0.7.0-beta.3",
      "resolved": "https://registry.npmjs.org/two.js/-/two.js-0.7.0-beta.3.tgz",
      "integrity": "sha512-oPEmRGCo5c296Wn40+yTxYydwPTf1iwJY+EPdLoka5TxUkLkAUo10CkQxRZJ7VGmbShBxQRXQxS5i5/otwqGZg==",
      "dev": true
    },
    "uuid": {
      "version": "3.3.3",
      "resolved": "https://registry.npmjs.org/uuid/-/uuid-3.3.3.tgz",
      "integrity": "sha512-pW0No1RGHgzlpHJO1nsVrHKpOEIxkGg1xB+v0ZmdNH5OAeAwzAVrCnI2/6Mtx+Uys6iaylxa+D3g4j63IKKjSQ==",
      "dev": true
    },
    "vanilla-picker": {
      "version": "2.10.0",
      "resolved": "https://registry.npmjs.org/vanilla-picker/-/vanilla-picker-2.10.0.tgz",
      "integrity": "sha512-s1K+oa/JrT5blJFbLLw1O+PMncJM1qCF8DVXKNPaTVxXgTteSCjSr4rvf8TpcqEcQQ+S4RV/nvPBZanrlJE82w==",
      "dev": true,
      "requires": {
        "@sphinxxxx/color-conversion": "^2.2.2"
      }
    },
    "vanilla-text-mask": {
      "version": "5.1.1",
      "resolved": "https://registry.npmjs.org/vanilla-text-mask/-/vanilla-text-mask-5.1.1.tgz",
      "integrity": "sha512-JhjoMbCx3DG4GN/M/j06n1bVLeJPsZ7XelyCx8q87M9d5k3jwuWaY+a+09XBq1uOGQAW8QaWska66hOzXNKiQg==",
      "dev": true
    }
  }
}
